
Microsoft Visual Studio Solution File, Format Version 12.00
# Visual Studio Version 16
VisualStudioVersion = 16.0.33927.289
MinimumVisualStudioVersion = 10.0.40219.1
Project("{FAE04EC0-301F-11D3-BF4B-00C04F79EFBC}") = "LAB10", "LAB10\LAB10.csproj", "{8FD2939A-1A63-4DCE-BF11-9FBCDEB2F166}"
EndProject
Global
	GlobalSection(SolutionConfigurationPlatforms) = preSolution
		Debug|Any CPU = Debug|Any CPU
		Release|Any CPU = Release|Any CPU
	EndGlobalSection
	GlobalSection(ProjectConfigurationPlatforms) = postSolution
		{8FD2939A-1A63-4DCE-BF11-9FBCDEB2F166}.Debug|Any CPU.ActiveCfg = Debug|Any CPU
		{8FD2939A-1A63-4DCE-BF11-9FBCDEB2F166}.Debug|Any CPU.Build.0 = Debug|Any CPU
		{8FD2939A-1A63-4DCE-BF11-9FBCDEB2F166}.Release|Any CPU.ActiveCfg = Release|Any CPU
		{8FD2939A-1A63-4DCE-BF11-9FBCDEB2F166}.Release|Any CPU.Build.0 = Release|Any CPU
	EndGlobalSection
	GlobalSection(SolutionProperties) = preSolution
		HideSolutionNode = FALSE
	EndGlobalSection
	GlobalSection(ExtensibilityGlobals) = postSolution
		SolutionGuid = {0C32D7D5-2997-490D-BC06-D07B3D815D69}
	EndGlobalSection
EndGlobal
